{
  "name": "mun-buddy-backend",
  "lockfileVersion": 3,
  "requires": true,
  "packages": {
    "": {
      "name": "mun-buddy-backend",
      "version": "1.0.0",
      "license": "ISC",
      "dependencies": {
        "express": "^4.18.2"
      },
      "devDependencies": {
        "nodemon": "^3.0.1"
      }
    }
  },
  "dependencies": {
    "express": {
      "version": "4.18.2",
      "resolved": "https://registry.npmjs.org/express/-/express-4.18.2.tgz",
      "integrity": "sha512-RYB0E39b0lC8d7igTxKN2p9IQY+YufCgmrN5FZX8OxUe1k63h44b8jXVyK+7myxUk4jQfUhgPO59OOjPt8shvA==",
      "dev": false,
      "requires": {
        "accepts": "~1.3.8",
        "array-flatten": "1.1.1",
        "body-parser": "1.20.2",
        "content-disposition": "0.5.4",
        "content-type": "~1.0.4",
        "cookie": "0.5.0",
        "debug": "2.6.9",
        "depd": "~2.0.0",
        "encodeurl": "~1.0.2",
        "escape-html": "~1.0.3",
        "etag": "~1.8.1",
        "finalhandler": "1.2.0",
        "fresh": "0.5.3",
        "merge-descriptors": "1.0.1",
        "methods": "1.1.2",
        "on-finished": "~2.4.1",
        "parseurl": "~1.3.0",
        "path-to-regexp": "0.1.7",
        "proxy-addr": "~2.0.0",
        "qs": "6.11.0",
        "range-parser": "1.2.1",
        "safe-buffer": "5.2.1",
        "send": "0.18.0",
        "serve-static": "1.15.0",
        "setprototypeof": "1.2.0",
        "statuses": "2.0.1",
        "type-is": "1.6.18",
        "utils-merge": "1.0.1"
      }
    },
    "nodemon": {
      "version": "3.0.1",
      "resolved": "https://registry.npmjs.org/nodemon/-/nodemon-3.0.1.tgz",
      "integrity": "sha512-TIemOR+0pHZK4I1InubNq8O08yEO4RrN5kyvgTy5U8zvqqsUy+5vwZtU0TvzAsjdqpyPjXpg1arOL3mb9b7Phw==",
      "dev": true,
      "requires": {
        "chokidar": "^3.5.3",
        "debug": "4.3.4",
        "find-up": "^5.0.0",
        "ignore-by-default": "^1.0.1",
        "minimist": "^1.2.8",
        "pstree.remy": "^1.1.8",
        "semver": "^7.3.8"
      }
    }
  }
}
